
Microsoft Visual Studio Solution File, Format Version 12.00
# Visual Studio Version 16
VisualStudioVersion = 16.0.34601.136
MinimumVisualStudioVersion = 10.0.40219.1
Project("{FE7A1B72-C5B7-4D7C-BB7D-76384D4DE8E1}") = "file handling", "file handling\file handling.hmiproj", "{36ED2B23-E5D8-46C2-B86F-7FA949560BD8}"
EndProject
Project("{2150E333-8FDC-42A3-9474-1A3956D46DE8}") = "Solution Items", "Solution Items", "{75FC783C-05A5-4140-AFF6-5972E84AA649}"
	ProjectSection(SolutionItems) = preProject
		LICENSE.txt = LICENSE.txt
		readme.md = readme.md
	EndProjectSection
EndProject
Global
	GlobalSection(SolutionConfigurationPlatforms) = preSolution
		Debug|TwinCAT HMI = Debug|TwinCAT HMI
		Release|TwinCAT HMI = Release|TwinCAT HMI
	EndGlobalSection
	GlobalSection(ProjectConfigurationPlatforms) = postSolution
		{36ED2B23-E5D8-46C2-B86F-7FA949560BD8}.Debug|TwinCAT HMI.ActiveCfg = Debug|TwinCAT HMI
		{36ED2B23-E5D8-46C2-B86F-7FA949560BD8}.Debug|TwinCAT HMI.Build.0 = Debug|TwinCAT HMI
		{36ED2B23-E5D8-46C2-B86F-7FA949560BD8}.Release|TwinCAT HMI.ActiveCfg = Release|TwinCAT HMI
		{36ED2B23-E5D8-46C2-B86F-7FA949560BD8}.Release|TwinCAT HMI.Build.0 = Release|TwinCAT HMI
	EndGlobalSection
	GlobalSection(SolutionProperties) = preSolution
		HideSolutionNode = FALSE
	EndGlobalSection
	GlobalSection(ExtensibilityGlobals) = postSolution
		SolutionGuid = {D3F9333A-9F27-4731-B24B-5B5AC0BD3E76}
	EndGlobalSection
EndGlobal
